// !$*UTF8*$!
{
	archiveVersion = 1;
	classes = {
	};
	objectVersion = 56;
	objects = {

/* Begin PBXBuildFile section */
		1702EDB02B02EFEF00408B34 /* ChatResponse.json in Resources */ = {isa = PBXBuildFile; fileRef = 1702EDAE2B02EFEF00408B34 /* ChatResponse.json */; };
		1702EDB12B02EFEF00408B34 /* HiraganaResponse.json in Resources */ = {isa = PBXBuildFile; fileRef = 1702EDAF2B02EFEF00408B34 /* HiraganaResponse.json */; };
		1702EDB32B02F01C00408B34 /* HomeView.swift in Sources */ = {isa = PBXBuildFile; fileRef = 1702EDB22B02F01C00408B34 /* HomeView.swift */; };
		1702EDB62B0307DE00408B34 /* SettingView.swift in Sources */ = {isa = PBXBuildFile; fileRef = 1702EDB52B0307DE00408B34 /* SettingView.swift */; };
		1702EDB82B0316D400408B34 /* Setting.swift in Sources */ = {isa = PBXBuildFile; fileRef = 1702EDB72B0316D400408B34 /* Setting.swift */; };
		1710D1C62AEC88F400BCAC46 /* PredicTalkApp.swift in Sources */ = {isa = PBXBuildFile; fileRef = 1710D1C52AEC88F400BCAC46 /* PredicTalkApp.swift */; };
		1710D1C82AEC88F400BCAC46 /* ContentView.swift in Sources */ = {isa = PBXBuildFile; fileRef = 1710D1C72AEC88F400BCAC46 /* ContentView.swift */; };
		1710D1CA2AEC88F500BCAC46 /* Assets.xcassets in Resources */ = {isa = PBXBuildFile; fileRef = 1710D1C92AEC88F500BCAC46 /* Assets.xcassets */; };
		1710D1CD2AEC88F500BCAC46 /* Preview Assets.xcassets in Resources */ = {isa = PBXBuildFile; fileRef = 1710D1CC2AEC88F500BCAC46 /* Preview Assets.xcassets */; };
		174C53042B07687A00314514 /* ARModeView.swift in Sources */ = {isa = PBXBuildFile; fileRef = 174C53032B07687A00314514 /* ARModeView.swift */; };
		1760F4642AEDDAE00019A36F /* Moya in Frameworks */ = {isa = PBXBuildFile; productRef = 1760F4632AEDDAE00019A36F /* Moya */; };
		1760F4662AEDDB2E0019A36F /* APITarget.swift in Sources */ = {isa = PBXBuildFile; fileRef = 1760F4652AEDDB2E0019A36F /* APITarget.swift */; };
		1760F46C2AEDDD060019A36F /* APIModel.swift in Sources */ = {isa = PBXBuildFile; fileRef = 1760F46B2AEDDD060019A36F /* APIModel.swift */; };
		1760F46E2AEDDE460019A36F /* APIRequest.swift in Sources */ = {isa = PBXBuildFile; fileRef = 1760F46D2AEDDE460019A36F /* APIRequest.swift */; };
		176CD54B2AEE414500BA309E /* APIKey.swift in Sources */ = {isa = PBXBuildFile; fileRef = 176CD54A2AEE414500BA309E /* APIKey.swift */; };
		179A28E92B07D8DA00F97B02 /* UploadFileResponse.json in Resources */ = {isa = PBXBuildFile; fileRef = 179A28E82B07D8DA00F97B02 /* UploadFileResponse.json */; };
		17B91B742B031FE20007A87D /* Predict.md in Resources */ = {isa = PBXBuildFile; fileRef = 17B91B732B031FE20007A87D /* Predict.md */; };
		17B91B762B0357200007A87D /* Language.swift in Sources */ = {isa = PBXBuildFile; fileRef = 17B91B752B0357200007A87D /* Language.swift */; };
		17C0CAC92B04F34100D92CFB /* ARView.swift in Sources */ = {isa = PBXBuildFile; fileRef = 17C0CAC82B04F34000D92CFB /* ARView.swift */; };
		17C0CAD12B07621A00D92CFB /* AppDelegate.swift in Sources */ = {isa = PBXBuildFile; fileRef = 17C0CAD02B07621A00D92CFB /* AppDelegate.swift */; };
		17C0CAD32B07627600D92CFB /* RotationModel.swift in Sources */ = {isa = PBXBuildFile; fileRef = 17C0CAD22B07627600D92CFB /* RotationModel.swift */; };
		4C25C1172AECA4C50030E4CE /* SpeechRecognizer.swift in Sources */ = {isa = PBXBuildFile; fileRef = 4C25C1162AECA4C50030E4CE /* SpeechRecognizer.swift */; };
		4C849CBC2B077DF5006C94E2 /* Correct.md in Resources */ = {isa = PBXBuildFile; fileRef = 4C849CBB2B077DF5006C94E2 /* Correct.md */; };
/* End PBXBuildFile section */

/* Begin PBXFileReference section */
		1702EDAE2B02EFEF00408B34 /* ChatResponse.json */ = {isa = PBXFileReference; fileEncoding = 4; lastKnownFileType = text.json; path = ChatResponse.json; sourceTree = "<group>"; };
		1702EDAF2B02EFEF00408B34 /* HiraganaResponse.json */ = {isa = PBXFileReference; fileEncoding = 4; lastKnownFileType = text.json; path = HiraganaResponse.json; sourceTree = "<group>"; };
		1702EDB22B02F01C00408B34 /* HomeView.swift */ = {isa = PBXFileReference; lastKnownFileType = sourcecode.swift; path = HomeView.swift; sourceTree = "<group>"; };
		1702EDB52B0307DE00408B34 /* SettingView.swift */ = {isa = PBXFileReference; lastKnownFileType = sourcecode.swift; path = SettingView.swift; sourceTree = "<group>"; };
		1702EDB72B0316D400408B34 /* Setting.swift */ = {isa = PBXFileReference; lastKnownFileType = sourcecode.swift; path = Setting.swift; sourceTree = "<group>"; };
		1710D1C22AEC88F400BCAC46 /* PredicTalk.app */ = {isa = PBXFileReference; explicitFileType = wrapper.application; includeInIndex = 0; path = PredicTalk.app; sourceTree = BUILT_PRODUCTS_DIR; };
		1710D1C52AEC88F400BCAC46 /* PredicTalkApp.swift */ = {isa = PBXFileReference; lastKnownFileType = sourcecode.swift; path = PredicTalkApp.swift; sourceTree = "<group>"; };
		1710D1C72AEC88F400BCAC46 /* ContentView.swift */ = {isa = PBXFileReference; lastKnownFileType = sourcecode.swift; path = ContentView.swift; sourceTree = "<group>"; };
		1710D1C92AEC88F500BCAC46 /* Assets.xcassets */ = {isa = PBXFileReference; lastKnownFileType = folder.assetcatalog; path = Assets.xcassets; sourceTree = "<group>"; };
		1710D1CC2AEC88F500BCAC46 /* Preview Assets.xcassets */ = {isa = PBXFileReference; lastKnownFileType = folder.assetcatalog; path = "Preview Assets.xcassets"; sourceTree = "<group>"; };
		174C53032B07687A00314514 /* ARModeView.swift */ = {isa = PBXFileReference; lastKnownFileType = sourcecode.swift; path = ARModeView.swift; sourceTree = "<group>"; };
		1760F4652AEDDB2E0019A36F /* APITarget.swift */ = {isa = PBXFileReference; lastKnownFileType = sourcecode.swift; path = APITarget.swift; sourceTree = "<group>"; };
		1760F46B2AEDDD060019A36F /* APIModel.swift */ = {isa = PBXFileReference; lastKnownFileType = sourcecode.swift; path = APIModel.swift; sourceTree = "<group>"; };
		1760F46D2AEDDE460019A36F /* APIRequest.swift */ = {isa = PBXFileReference; lastKnownFileType = sourcecode.swift; path = APIRequest.swift; sourceTree = "<group>"; };
		1760F4762AEDF4ED0019A36F /* Info.plist */ = {isa = PBXFileReference; lastKnownFileType = text.plist; path = Info.plist; sourceTree = "<group>"; };
		176CD54A2AEE414500BA309E /* APIKey.swift */ = {isa = PBXFileReference; lastKnownFileType = sourcecode.swift; path = APIKey.swift; sourceTree = "<group>"; };
		179A28E82B07D8DA00F97B02 /* UploadFileResponse.json */ = {isa = PBXFileReference; lastKnownFileType = text.json; path = UploadFileResponse.json; sourceTree = "<group>"; };
		17B91B732B031FE20007A87D /* Predict.md */ = {isa = PBXFileReference; lastKnownFileType = net.daringfireball.markdown; path = Predict.md; sourceTree = "<group>"; };
		17B91B752B0357200007A87D /* Language.swift */ = {isa = PBXFileReference; lastKnownFileType = sourcecode.swift; path = Language.swift; sourceTree = "<group>"; };
		17C0CAC82B04F34000D92CFB /* ARView.swift */ = {isa = PBXFileReference; lastKnownFileType = sourcecode.swift; path = ARView.swift; sourceTree = "<group>"; };
		17C0CAD02B07621A00D92CFB /* AppDelegate.swift */ = {isa = PBXFileReference; lastKnownFileType = sourcecode.swift; path = AppDelegate.swift; sourceTree = "<group>"; };
		17C0CAD22B07627600D92CFB /* RotationModel.swift */ = {isa = PBXFileReference; lastKnownFileType = sourcecode.swift; path = RotationModel.swift; sourceTree = "<group>"; };
		4C25C1162AECA4C50030E4CE /* SpeechRecognizer.swift */ = {isa = PBXFileReference; lastKnownFileType = sourcecode.swift; name = SpeechRecognizer.swift; path = PredicTalk/Sources/SpeechRecognizer.swift; sourceTree = SOURCE_ROOT; };
		4C849CBB2B077DF5006C94E2 /* Correct.md */ = {isa = PBXFileReference; lastKnownFileType = net.daringfireball.markdown; path = Correct.md; sourceTree = "<group>"; };
/* End PBXFileReference section */

/* Begin PBXFrameworksBuildPhase section */
		1710D1BF2AEC88F400BCAC46 /* Frameworks */ = {
			isa = PBXFrameworksBuildPhase;
			buildActionMask = 2147483647;
			files = (
				1760F4642AEDDAE00019A36F /* Moya in Frameworks */,
			);
			runOnlyForDeploymentPostprocessing = 0;
		};
/* End PBXFrameworksBuildPhase section */

/* Begin PBXGroup section */
		1702EDB42B02F13200408B34 /* View */ = {
			isa = PBXGroup;
			children = (
				1710D1C72AEC88F400BCAC46 /* ContentView.swift */,
				1702EDB22B02F01C00408B34 /* HomeView.swift */,
				17C0CAC82B04F34000D92CFB /* ARView.swift */,
				174C53032B07687A00314514 /* ARModeView.swift */,
				1702EDB52B0307DE00408B34 /* SettingView.swift */,
			);
			path = View;
			sourceTree = "<group>";
		};
		1710D1B92AEC88F400BCAC46 = {
			isa = PBXGroup;
			children = (
				1710D1C42AEC88F400BCAC46 /* PredicTalk */,
				1710D1C32AEC88F400BCAC46 /* Products */,
			);
			sourceTree = "<group>";
		};
		1710D1C32AEC88F400BCAC46 /* Products */ = {
			isa = PBXGroup;
			children = (
				1710D1C22AEC88F400BCAC46 /* PredicTalk.app */,
			);
			name = Products;
			sourceTree = "<group>";
		};
		1710D1C42AEC88F400BCAC46 /* PredicTalk */ = {
			isa = PBXGroup;
			children = (
				1760F4762AEDF4ED0019A36F /* Info.plist */,
				17C0CAD02B07621A00D92CFB /* AppDelegate.swift */,
				1710D1C52AEC88F400BCAC46 /* PredicTalkApp.swift */,
				1702EDB42B02F13200408B34 /* View */,
				1760F4702AEDED490019A36F /* Resources */,
				1710D1DA2AEC999F00BCAC46 /* Sources */,
				1710D1C92AEC88F500BCAC46 /* Assets.xcassets */,
				1710D1CB2AEC88F500BCAC46 /* Preview Content */,
			);
			path = PredicTalk;
			sourceTree = "<group>";
		};
		1710D1CB2AEC88F500BCAC46 /* Preview Content */ = {
			isa = PBXGroup;
			children = (
				1710D1CC2AEC88F500BCAC46 /* Preview Assets.xcassets */,
			);
			path = "Preview Content";
			sourceTree = "<group>";
		};
		1710D1DA2AEC999F00BCAC46 /* Sources */ = {
			isa = PBXGroup;
			children = (
				1702EDB72B0316D400408B34 /* Setting.swift */,
				17C0CAD22B07627600D92CFB /* RotationModel.swift */,
				4C25C1162AECA4C50030E4CE /* SpeechRecognizer.swift */,
				17B91B752B0357200007A87D /* Language.swift */,
				1760F4652AEDDB2E0019A36F /* APITarget.swift */,
				1760F46B2AEDDD060019A36F /* APIModel.swift */,
				1760F46D2AEDDE460019A36F /* APIRequest.swift */,
				176CD54A2AEE414500BA309E /* APIKey.swift */,
			);
			path = Sources;
			sourceTree = "<group>";
		};
		1760F4702AEDED490019A36F /* Resources */ = {
			isa = PBXGroup;
			children = (
				17B91B732B031FE20007A87D /* Predict.md */,
				1702EDAE2B02EFEF00408B34 /* ChatResponse.json */,
				179A28E82B07D8DA00F97B02 /* UploadFileResponse.json */,
				1702EDAF2B02EFEF00408B34 /* HiraganaResponse.json */,
				4C849CBB2B077DF5006C94E2 /* Correct.md */,
			);
			path = Resources;
			sourceTree = "<group>";
		};
/* End PBXGroup section */

/* Begin PBXNativeTarget section */
		1710D1C12AEC88F400BCAC46 /* PredicTalk */ = {
			isa = PBXNativeTarget;
			buildConfigurationList = 1710D1D02AEC88F500BCAC46 /* Build configuration list for PBXNativeTarget "PredicTalk" */;
			buildPhases = (
				1710D1BE2AEC88F400BCAC46 /* Sources */,
				1710D1BF2AEC88F400BCAC46 /* Frameworks */,
				1710D1C02AEC88F400BCAC46 /* Resources */,
			);
			buildRules = (
			);
			dependencies = (
			);
			name = PredicTalk;
			packageProductDependencies = (
				1760F4632AEDDAE00019A36F /* Moya */,
			);
			productName = PredicTalk;
			productReference = 1710D1C22AEC88F400BCAC46 /* PredicTalk.app */;
			productType = "com.apple.product-type.application";
		};
/* End PBXNativeTarget section */

/* Begin PBXProject section */
		1710D1BA2AEC88F400BCAC46 /* Project object */ = {
			isa = PBXProject;
			attributes = {
				BuildIndependentTargetsInParallel = 1;
				LastSwiftUpdateCheck = 1500;
				LastUpgradeCheck = 1500;
				TargetAttributes = {
					1710D1C12AEC88F400BCAC46 = {
						CreatedOnToolsVersion = 15.0.1;
					};
				};
			};
			buildConfigurationList = 1710D1BD2AEC88F400BCAC46 /* Build configuration list for PBXProject "PredicTalk" */;
			compatibilityVersion = "Xcode 14.0";
			developmentRegion = en;
			hasScannedForEncodings = 0;
			knownRegions = (
				en,
				Base,
			);
			mainGroup = 1710D1B92AEC88F400BCAC46;
			packageReferences = (
				1760F4622AEDDAE00019A36F /* XCRemoteSwiftPackageReference "Moya" */,
			);
			productRefGroup = 1710D1C32AEC88F400BCAC46 /* Products */;
			projectDirPath = "";
			projectRoot = "";
			targets = (
				1710D1C12AEC88F400BCAC46 /* PredicTalk */,
			);
		};
/* End PBXProject section */

/* Begin PBXResourcesBuildPhase section */
		1710D1C02AEC88F400BCAC46 /* Resources */ = {
			isa = PBXResourcesBuildPhase;
			buildActionMask = 2147483647;
			files = (
				17B91B742B031FE20007A87D /* Predict.md in Resources */,
				1710D1CD2AEC88F500BCAC46 /* Preview Assets.xcassets in Resources */,
				1710D1CA2AEC88F500BCAC46 /* Assets.xcassets in Resources */,
				179A28E92B07D8DA00F97B02 /* UploadFileResponse.json in Resources */,
				4C849CBC2B077DF5006C94E2 /* Correct.md in Resources */,
				1702EDB02B02EFEF00408B34 /* ChatResponse.json in Resources */,
				1702EDB12B02EFEF00408B34 /* HiraganaResponse.json in Resources */,
			);
			runOnlyForDeploymentPostprocessing = 0;
		};
/* End PBXResourcesBuildPhase section */

/* Begin PBXSourcesBuildPhase section */
		1710D1BE2AEC88F400BCAC46 /* Sources */ = {
			isa = PBXSourcesBuildPhase;
			buildActionMask = 2147483647;
			files = (
				1710D1C82AEC88F400BCAC46 /* ContentView.swift in Sources */,
				176CD54B2AEE414500BA309E /* APIKey.swift in Sources */,
				174C53042B07687A00314514 /* ARModeView.swift in Sources */,
				1760F46E2AEDDE460019A36F /* APIRequest.swift in Sources */,
				1702EDB62B0307DE00408B34 /* SettingView.swift in Sources */,
				17C0CAD12B07621A00D92CFB /* AppDelegate.swift in Sources */,
				1702EDB82B0316D400408B34 /* Setting.swift in Sources */,
				17C0CAC92B04F34100D92CFB /* ARView.swift in Sources */,
				1710D1C62AEC88F400BCAC46 /* PredicTalkApp.swift in Sources */,
				4C25C1172AECA4C50030E4CE /* SpeechRecognizer.swift in Sources */,
				1702EDB32B02F01C00408B34 /* HomeView.swift in Sources */,
				1760F4662AEDDB2E0019A36F /* APITarget.swift in Sources */,
				1760F46C2AEDDD060019A36F /* APIModel.swift in Sources */,
				17B91B762B0357200007A87D /* Language.swift in Sources */,
				17C0CAD32B07627600D92CFB /* RotationModel.swift in Sources */,
			);
			runOnlyForDeploymentPostprocessing = 0;
		};
/* End PBXSourcesBuildPhase section */

/* Begin XCBuildConfiguration section */
		1710D1CE2AEC88F500BCAC46 /* Debug */ = {
			isa = XCBuildConfiguration;
			buildSettings = {
				ALWAYS_SEARCH_USER_PATHS = NO;
				ASSETCATALOG_COMPILER_GENERATE_SWIFT_ASSET_SYMBOL_EXTENSIONS = YES;
				CLANG_ANALYZER_NONNULL = YES;
				CLANG_ANALYZER_NUMBER_OBJECT_CONVERSION = YES_AGGRESSIVE;
				CLANG_CXX_LANGUAGE_STANDARD = "gnu++20";
				CLANG_ENABLE_MODULES = YES;
				CLANG_ENABLE_OBJC_ARC = YES;
				CLANG_ENABLE_OBJC_WEAK = YES;
				CLANG_WARN_BLOCK_CAPTURE_AUTORELEASING = YES;
				CLANG_WARN_BOOL_CONVERSION = YES;
				CLANG_WARN_COMMA = YES;
				CLANG_WARN_CONSTANT_CONVERSION = YES;
				CLANG_WARN_DEPRECATED_OBJC_IMPLEMENTATIONS = YES;
				CLANG_WARN_DIRECT_OBJC_ISA_USAGE = YES_ERROR;
				CLANG_WARN_DOCUMENTATION_COMMENTS = YES;
				CLANG_WARN_EMPTY_BODY = YES;
				CLANG_WARN_ENUM_CONVERSION = YES;
				CLANG_WARN_INFINITE_RECURSION = YES;
				CLANG_WARN_INT_CONVERSION = YES;
				CLANG_WARN_NON_LITERAL_NULL_CONVERSION = YES;
				CLANG_WARN_OBJC_IMPLICIT_RETAIN_SELF = YES;
				CLANG_WARN_OBJC_LITERAL_CONVERSION = YES;
				CLANG_WARN_OBJC_ROOT_CLASS = YES_ERROR;
				CLANG_WARN_QUOTED_INCLUDE_IN_FRAMEWORK_HEADER = YES;
				CLANG_WARN_RANGE_LOOP_ANALYSIS = YES;
				CLANG_WARN_STRICT_PROTOTYPES = YES;
				CLANG_WARN_SUSPICIOUS_MOVE = YES;
				CLANG_WARN_UNGUARDED_AVAILABILITY = YES_AGGRESSIVE;
				CLANG_WARN_UNREACHABLE_CODE = YES;
				CLANG_WARN__DUPLICATE_METHOD_MATCH = YES;
				COPY_PHASE_STRIP = NO;
				DEBUG_INFORMATION_FORMAT = dwarf;
				ENABLE_STRICT_OBJC_MSGSEND = YES;
				ENABLE_TESTABILITY = YES;
				ENABLE_USER_SCRIPT_SANDBOXING = YES;
				GCC_C_LANGUAGE_STANDARD = gnu17;
				GCC_DYNAMIC_NO_PIC = NO;
				GCC_NO_COMMON_BLOCKS = YES;
				GCC_OPTIMIZATION_LEVEL = 0;
				GCC_PREPROCESSOR_DEFINITIONS = (
					"DEBUG=1",
					"$(inherited)",
				);
				GCC_WARN_64_TO_32_BIT_CONVERSION = YES;
				GCC_WARN_ABOUT_RETURN_TYPE = YES_ERROR;
				GCC_WARN_UNDECLARED_SELECTOR = YES;
				GCC_WARN_UNINITIALIZED_AUTOS = YES_AGGRESSIVE;
				GCC_WARN_UNUSED_FUNCTION = YES;
				GCC_WARN_UNUSED_VARIABLE = YES;
				IPHONEOS_DEPLOYMENT_TARGET = 17.0;
				LOCALIZATION_PREFERS_STRING_CATALOGS = YES;
				MTL_ENABLE_DEBUG_INFO = INCLUDE_SOURCE;
				MTL_FAST_MATH = YES;
				ONLY_ACTIVE_ARCH = YES;
				SDKROOT = iphoneos;
				SWIFT_ACTIVE_COMPILATION_CONDITIONS = "DEBUG $(inherited)";
				SWIFT_OPTIMIZATION_LEVEL = "-Onone";
			};
			name = Debug;
		};
		1710D1CF2AEC88F500BCAC46 /* Release */ = {
			isa = XCBuildConfiguration;
			buildSettings = {
				ALWAYS_SEARCH_USER_PATHS = NO;
				ASSETCATALOG_COMPILER_GENERATE_SWIFT_ASSET_SYMBOL_EXTENSIONS = YES;
				CLANG_ANALYZER_NONNULL = YES;
				CLANG_ANALYZER_NUMBER_OBJECT_CONVERSION = YES_AGGRESSIVE;
				CLANG_CXX_LANGUAGE_STANDARD = "gnu++20";
				CLANG_ENABLE_MODULES = YES;
				CLANG_ENABLE_OBJC_ARC = YES;
				CLANG_ENABLE_OBJC_WEAK = YES;
				CLANG_WARN_BLOCK_CAPTURE_AUTORELEASING = YES;
				CLANG_WARN_BOOL_CONVERSION = YES;
				CLANG_WARN_COMMA = YES;
				CLANG_WARN_CONSTANT_CONVERSION = YES;
				CLANG_WARN_DEPRECATED_OBJC_IMPLEMENTATIONS = YES;
				CLANG_WARN_DIRECT_OBJC_ISA_USAGE = YES_ERROR;
				CLANG_WARN_DOCUMENTATION_COMMENTS = YES;
				CLANG_WARN_EMPTY_BODY = YES;
				CLANG_WARN_ENUM_CONVERSION = YES;
				CLANG_WARN_INFINITE_RECURSION = YES;
				CLANG_WARN_INT_CONVERSION = YES;
				CLANG_WARN_NON_LITERAL_NULL_CONVERSION = YES;
				CLANG_WARN_OBJC_IMPLICIT_RETAIN_SELF = YES;
				CLANG_WARN_OBJC_LITERAL_CONVERSION = YES;
				CLANG_WARN_OBJC_ROOT_CLASS = YES_ERROR;
				CLANG_WARN_QUOTED_INCLUDE_IN_FRAMEWORK_HEADER = YES;
				CLANG_WARN_RANGE_LOOP_ANALYSIS = YES;
				CLANG_WARN_STRICT_PROTOTYPES = YES;
				CLANG_WARN_SUSPICIOUS_MOVE = YES;
				CLANG_WARN_UNGUARDED_AVAILABILITY = YES_AGGRESSIVE;
				CLANG_WARN_UNREACHABLE_CODE = YES;
				CLANG_WARN__DUPLICATE_METHOD_MATCH = YES;
				COPY_PHASE_STRIP = NO;
				DEBUG_INFORMATION_FORMAT = "dwarf-with-dsym";
				ENABLE_NS_ASSERTIONS = NO;
				ENABLE_STRICT_OBJC_MSGSEND = YES;
				ENABLE_USER_SCRIPT_SANDBOXING = YES;
				GCC_C_LANGUAGE_STANDARD = gnu17;
				GCC_NO_COMMON_BLOCKS = YES;
				GCC_WARN_64_TO_32_BIT_CONVERSION = YES;
				GCC_WARN_ABOUT_RETURN_TYPE = YES_ERROR;
				GCC_WARN_UNDECLARED_SELECTOR = YES;
				GCC_WARN_UNINITIALIZED_AUTOS = YES_AGGRESSIVE;
				GCC_WARN_UNUSED_FUNCTION = YES;
				GCC_WARN_UNUSED_VARIABLE = YES;
				IPHONEOS_DEPLOYMENT_TARGET = 17.0;
				LOCALIZATION_PREFERS_STRING_CATALOGS = YES;
				MTL_ENABLE_DEBUG_INFO = NO;
				MTL_FAST_MATH = YES;
				SDKROOT = iphoneos;
				SWIFT_COMPILATION_MODE = wholemodule;
				VALIDATE_PRODUCT = YES;
			};
			name = Release;
		};
		1710D1D12AEC88F500BCAC46 /* Debug */ = {
			isa = XCBuildConfiguration;
			buildSettings = {
				ASSETCATALOG_COMPILER_APPICON_NAME = AppIcon;
				ASSETCATALOG_COMPILER_GLOBAL_ACCENT_COLOR_NAME = AccentColor;
				CODE_SIGN_STYLE = Automatic;
				CURRENT_PROJECT_VERSION = 1;
				DEVELOPMENT_ASSET_PATHS = "\"PredicTalk/Preview Content\"";
				DEVELOPMENT_TEAM = "";
				ENABLE_PREVIEWS = YES;
				GENERATE_INFOPLIST_FILE = YES;
				INFOPLIST_FILE = PredicTalk/Info.plist;
				INFOPLIST_KEY_LSSupportsOpeningDocumentsInPlace = YES;
				INFOPLIST_KEY_NSMicrophoneUsageDescription = "";
				INFOPLIST_KEY_NSSpeechRecognitionUsageDescription = "";
				INFOPLIST_KEY_UIApplicationSceneManifest_Generation = YES;
				INFOPLIST_KEY_UIApplicationSupportsIndirectInputEvents = YES;
				INFOPLIST_KEY_UIRequiresFullScreen = YES;
				INFOPLIST_KEY_UISupportedInterfaceOrientations = "UIInterfaceOrientationLandscapeLeft UIInterfaceOrientationLandscapeRight UIInterfaceOrientationPortrait";
				INFOPLIST_KEY_UISupportedInterfaceOrientations_iPad = "UIInterfaceOrientationLandscapeLeft UIInterfaceOrientationLandscapeRight UIInterfaceOrientationPortrait UIInterfaceOrientationPortraitUpsideDown";
				IPHONEOS_DEPLOYMENT_TARGET = 16.0;
				LD_RUNPATH_SEARCH_PATHS = (
					"$(inherited)",
					"@executable_path/Frameworks",
				);
				MARKETING_VERSION = 1.0;
				PRODUCT_BUNDLE_IDENTIFIER = com.teamEFREI.PredicTalk;
				PRODUCT_NAME = "$(TARGET_NAME)";
				SWIFT_EMIT_LOC_STRINGS = YES;
				SWIFT_VERSION = 5.0;
				TARGETED_DEVICE_FAMILY = "1,2";
			};
			name = Debug;
		};
		1710D1D22AEC88F500BCAC46 /* Release */ = {
			isa = XCBuildConfiguration;
			buildSettings = {
				ASSETCATALOG_COMPILER_APPICON_NAME = AppIcon;
				ASSETCATALOG_COMPILER_GLOBAL_ACCENT_COLOR_NAME = AccentColor;
				CODE_SIGN_STYLE = Automatic;
				CURRENT_PROJECT_VERSION = 1;
				DEVELOPMENT_ASSET_PATHS = "\"PredicTalk/Preview Content\"";
				DEVELOPMENT_TEAM = "";
				ENABLE_PREVIEWS = YES;
				GENERATE_INFOPLIST_FILE = YES;
				INFOPLIST_FILE = PredicTalk/Info.plist;
				INFOPLIST_KEY_LSSupportsOpeningDocumentsInPlace = YES;
				INFOPLIST_KEY_NSMicrophoneUsageDescription = "";
				INFOPLIST_KEY_NSSpeechRecognitionUsageDescription = "";
				INFOPLIST_KEY_UIApplicationSceneManifest_Generation = YES;
				INFOPLIST_KEY_UIApplicationSupportsIndirectInputEvents = YES;
				INFOPLIST_KEY_UIRequiresFullScreen = YES;
				INFOPLIST_KEY_UISupportedInterfaceOrientations = "UIInterfaceOrientationLandscapeLeft UIInterfaceOrientationLandscapeRight UIInterfaceOrientationPortrait";
				INFOPLIST_KEY_UISupportedInterfaceOrientations_iPad = "UIInterfaceOrientationLandscapeLeft UIInterfaceOrientationLandscapeRight UIInterfaceOrientationPortrait UIInterfaceOrientationPortraitUpsideDown";
				IPHONEOS_DEPLOYMENT_TARGET = 16.0;
				LD_RUNPATH_SEARCH_PATHS = (
					"$(inherited)",
					"@executable_path/Frameworks",
				);
				MARKETING_VERSION = 1.0;
				PRODUCT_BUNDLE_IDENTIFIER = com.teamEFREI.PredicTalk;
				PRODUCT_NAME = "$(TARGET_NAME)";
				SWIFT_EMIT_LOC_STRINGS = YES;
				SWIFT_VERSION = 5.0;
				TARGETED_DEVICE_FAMILY = "1,2";
			};
			name = Release;
		};
/* End XCBuildConfiguration section */

/* Begin XCConfigurationList section */
		1710D1BD2AEC88F400BCAC46 /* Build configuration list for PBXProject "PredicTalk" */ = {
			isa = XCConfigurationList;
			buildConfigurations = (
				1710D1CE2AEC88F500BCAC46 /* Debug */,
				1710D1CF2AEC88F500BCAC46 /* Release */,
			);
			defaultConfigurationIsVisible = 0;
			defaultConfigurationName = Release;
		};
		1710D1D02AEC88F500BCAC46 /* Build configuration list for PBXNativeTarget "PredicTalk" */ = {
			isa = XCConfigurationList;
			buildConfigurations = (
				1710D1D12AEC88F500BCAC46 /* Debug */,
				1710D1D22AEC88F500BCAC46 /* Release */,
			);
			defaultConfigurationIsVisible = 0;
			defaultConfigurationName = Release;
		};
/* End XCConfigurationList section */

/* Begin XCRemoteSwiftPackageReference section */
		1760F4622AEDDAE00019A36F /* XCRemoteSwiftPackageReference "Moya" */ = {
			isa = XCRemoteSwiftPackageReference;
			repositoryURL = "https://github.com/Moya/Moya";
			requirement = {
				kind = upToNextMajorVersion;
				minimumVersion = 15.0.3;
			};
		};
/* End XCRemoteSwiftPackageReference section */

/* Begin XCSwiftPackageProductDependency section */
		1760F4632AEDDAE00019A36F /* Moya */ = {
			isa = XCSwiftPackageProductDependency;
			package = 1760F4622AEDDAE00019A36F /* XCRemoteSwiftPackageReference "Moya" */;
			productName = Moya;
		};
/* End XCSwiftPackageProductDependency section */
	};
	rootObject = 1710D1BA2AEC88F400BCAC46 /* Project object */;
}
